
Microsoft Visual Studio Solution File, Format Version 12.00
# Visual Studio Version 17
VisualStudioVersion = 17.10.35004.147
MinimumVisualStudioVersion = 10.0.40219.1
Project("{FAE04EC0-301F-11D3-BF4B-00C04F79EFBC}") = "Teszt", "Teszt.csproj", "{8ACC59D9-94E6-49A5-A0E2-EF5F063281D9}"
EndProject
Global
	GlobalSection(SolutionConfigurationPlatforms) = preSolution
		Debug|Any CPU = Debug|Any CPU
		Release|Any CPU = Release|Any CPU
	EndGlobalSection
	GlobalSection(ProjectConfigurationPlatforms) = postSolution
		{8ACC59D9-94E6-49A5-A0E2-EF5F063281D9}.Debug|Any CPU.ActiveCfg = Debug|Any CPU
		{8ACC59D9-94E6-49A5-A0E2-EF5F063281D9}.Debug|Any CPU.Build.0 = Debug|Any CPU
		{8ACC59D9-94E6-49A5-A0E2-EF5F063281D9}.Release|Any CPU.ActiveCfg = Release|Any CPU
		{8ACC59D9-94E6-49A5-A0E2-EF5F063281D9}.Release|Any CPU.Build.0 = Release|Any CPU
	EndGlobalSection
	GlobalSection(SolutionProperties) = preSolution
		HideSolutionNode = FALSE
	EndGlobalSection
	GlobalSection(ExtensibilityGlobals) = postSolution
		SolutionGuid = {A05454AF-3EFB-48CA-A5A8-5CAF05E7DA18}
	EndGlobalSection
EndGlobal
